
Microsoft Visual Studio Solution File, Format Version 12.00
# Visual Studio 15
VisualStudioVersion = 15.0.28307.168
MinimumVisualStudioVersion = 10.0.40219.1
Project("{FAE04EC0-301F-11D3-BF4B-00C04F79EFBC}") = "GiphyPropertyEditor.Web", "GiphyPropertyEditor.Web\GiphyPropertyEditor.Web.csproj", "{E88A97DA-6FCE-45D5-A6EE-12368A84C351}"
EndProject
Project("{FAE04EC0-301F-11D3-BF4B-00C04F79EFBC}") = "GiphyPropertyEditor", "GiphyPropertyEditor\GiphyPropertyEditor.csproj", "{4D856B3B-19FF-45E5-B795-D164CA019ECA}"
EndProject
Global
	GlobalSection(SolutionConfigurationPlatforms) = preSolution
		Debug|Any CPU = Debug|Any CPU
		Release|Any CPU = Release|Any CPU
	EndGlobalSection
	GlobalSection(ProjectConfigurationPlatforms) = postSolution
		{E88A97DA-6FCE-45D5-A6EE-12368A84C351}.Debug|Any CPU.ActiveCfg = Debug|Any CPU
		{E88A97DA-6FCE-45D5-A6EE-12368A84C351}.Debug|Any CPU.Build.0 = Debug|Any CPU
		{E88A97DA-6FCE-45D5-A6EE-12368A84C351}.Release|Any CPU.ActiveCfg = Release|Any CPU
		{E88A97DA-6FCE-45D5-A6EE-12368A84C351}.Release|Any CPU.Build.0 = Release|Any CPU
		{4D856B3B-19FF-45E5-B795-D164CA019ECA}.Debug|Any CPU.ActiveCfg = Debug|Any CPU
		{4D856B3B-19FF-45E5-B795-D164CA019ECA}.Debug|Any CPU.Build.0 = Debug|Any CPU
		{4D856B3B-19FF-45E5-B795-D164CA019ECA}.Release|Any CPU.ActiveCfg = Release|Any CPU
		{4D856B3B-19FF-45E5-B795-D164CA019ECA}.Release|Any CPU.Build.0 = Release|Any CPU
	EndGlobalSection
	GlobalSection(SolutionProperties) = preSolution
		HideSolutionNode = FALSE
	EndGlobalSection
	GlobalSection(ExtensibilityGlobals) = postSolution
		SolutionGuid = {C0C19803-31F3-45D3-BB99-31252A6FF3EA}
	EndGlobalSection
EndGlobal
